// !$*UTF8*$!
{
	archiveVersion = 1;
	classes = {
	};
	objectVersion = 46;
	objects = {

/* Begin PBXBuildFile section */
		9C790B27C5807487F3AA7C6F /* libPods-KaiZen.a in Frameworks */ = {isa = PBXBuildFile; fileRef = E4CFBC8A31CCB8CAA89B7643 /* libPods-KaiZen.a */; };
		AA0117081C70423E00843BA1 /* NoGraphDataView.swift in Sources */ = {isa = PBXBuildFile; fileRef = AA0117071C70423E00843BA1 /* NoGraphDataView.swift */; };
		AA01170A1C70424F00843BA1 /* NoGraphDataView.xib in Resources */ = {isa = PBXBuildFile; fileRef = AA0117091C70424F00843BA1 /* NoGraphDataView.xib */; };
		AA0140891C928757004687E3 /* check_128alt.png in Resources */ = {isa = PBXBuildFile; fileRef = AA0140871C928757004687E3 /* check_128alt.png */; };
		AA01408A1C928757004687E3 /* check_128alt2.png in Resources */ = {isa = PBXBuildFile; fileRef = AA0140881C928757004687E3 /* check_128alt2.png */; };
		AA01408D1C942B38004687E3 /* question128_1.png in Resources */ = {isa = PBXBuildFile; fileRef = AA01408B1C942B38004687E3 /* question128_1.png */; };
		AA01408E1C942B38004687E3 /* question128_2.png in Resources */ = {isa = PBXBuildFile; fileRef = AA01408C1C942B38004687E3 /* question128_2.png */; };
		AA0140901C942F58004687E3 /* MessageUI.framework in Frameworks */ = {isa = PBXBuildFile; fileRef = AA01408F1C942F58004687E3 /* MessageUI.framework */; };
		AA0140941C94748B004687E3 /* launch_screen.png in Resources */ = {isa = PBXBuildFile; fileRef = AA0140931C94748B004687E3 /* launch_screen.png */; };
		AA01409C1C95BB50004687E3 /* empty_image.png in Resources */ = {isa = PBXBuildFile; fileRef = AA01409B1C95BB50004687E3 /* empty_image.png */; };
		AA0F0DB81C68521500815833 /* MainBoardViewController.swift in Sources */ = {isa = PBXBuildFile; fileRef = AA0F0DB71C68521500815833 /* MainBoardViewController.swift */; };
		AA0F0DBA1C68538600815833 /* ShowChartViewController.swift in Sources */ = {isa = PBXBuildFile; fileRef = AA0F0DB91C68538600815833 /* ShowChartViewController.swift */; };
		AA0F0DDD1C6908FC00815833 /* ReviewSheatView.swift in Sources */ = {isa = PBXBuildFile; fileRef = AA0F0DDC1C6908FC00815833 /* ReviewSheatView.swift */; };
		AA0F0DDF1C69094700815833 /* ReviewSheatView.xib in Resources */ = {isa = PBXBuildFile; fileRef = AA0F0DDE1C69094700815833 /* ReviewSheatView.xib */; };
		AA0F0DE11C690AEF00815833 /* ReviewSheatViewModel.swift in Sources */ = {isa = PBXBuildFile; fileRef = AA0F0DE01C690AEF00815833 /* ReviewSheatViewModel.swift */; };
		AA0F0DE41C690C5E00815833 /* ReviewSheatTableViewCell.swift in Sources */ = {isa = PBXBuildFile; fileRef = AA0F0DE21C690C5E00815833 /* ReviewSheatTableViewCell.swift */; };
		AA0F0DE51C690C5E00815833 /* ReviewSheatTableViewCell.xib in Resources */ = {isa = PBXBuildFile; fileRef = AA0F0DE31C690C5E00815833 /* ReviewSheatTableViewCell.xib */; };
		AA1AEB811C6A394300C70138 /* AddReviewView.xib in Resources */ = {isa = PBXBuildFile; fileRef = AA1AEB801C6A394300C70138 /* AddReviewView.xib */; };
		AA1AEB831C6A395900C70138 /* AddReviewView.swift in Sources */ = {isa = PBXBuildFile; fileRef = AA1AEB821C6A395900C70138 /* AddReviewView.swift */; };
		AA1AEB851C6AF9E400C70138 /* ChartView.swift in Sources */ = {isa = PBXBuildFile; fileRef = AA1AEB841C6AF9E400C70138 /* ChartView.swift */; };
		AA1AEB871C6AF9EF00C70138 /* ChartView.xib in Resources */ = {isa = PBXBuildFile; fileRef = AA1AEB861C6AF9EF00C70138 /* ChartView.xib */; };
		AA28E14E1C744ACC0073453F /* SideMenuView.xib in Resources */ = {isa = PBXBuildFile; fileRef = AA28E14D1C744ACC0073453F /* SideMenuView.xib */; };
		AA28E1501C744AE90073453F /* SideMenuView.swift in Sources */ = {isa = PBXBuildFile; fileRef = AA28E14F1C744AE90073453F /* SideMenuView.swift */; };
		AA2BB1D11C7B4B3A0088D7D5 /* UIView+Extension.swift in Sources */ = {isa = PBXBuildFile; fileRef = AA2BB1D01C7B4B3A0088D7D5 /* UIView+Extension.swift */; };
		AA3A46321C4740D600A9F288 /* AppDelegate.swift in Sources */ = {isa = PBXBuildFile; fileRef = AA3A46311C4740D600A9F288 /* AppDelegate.swift */; };
		AA3A46371C4740D600A9F288 /* Main.storyboard in Resources */ = {isa = PBXBuildFile; fileRef = AA3A46351C4740D600A9F288 /* Main.storyboard */; };
		AA3A463A1C4740D600A9F288 /* KaiZen.xcdatamodeld in Sources */ = {isa = PBXBuildFile; fileRef = AA3A46381C4740D600A9F288 /* KaiZen.xcdatamodeld */; };
		AA3A463C1C4740D600A9F288 /* Assets.xcassets in Resources */ = {isa = PBXBuildFile; fileRef = AA3A463B1C4740D600A9F288 /* Assets.xcassets */; };
		AA3A463F1C4740D600A9F288 /* LaunchScreen.storyboard in Resources */ = {isa = PBXBuildFile; fileRef = AA3A463D1C4740D600A9F288 /* LaunchScreen.storyboard */; };
		AA3A46541C474C2D00A9F288 /* Review.swift in Sources */ = {isa = PBXBuildFile; fileRef = AA3A46531C474C2D00A9F288 /* Review.swift */; };
		AA3A46561C474D7400A9F288 /* ReviewSheet.swift in Sources */ = {isa = PBXBuildFile; fileRef = AA3A46551C474D7400A9F288 /* ReviewSheet.swift */; };
		AA3A46581C474F4D00A9F288 /* ReviewSheetManager.swift in Sources */ = {isa = PBXBuildFile; fileRef = AA3A46571C474F4D00A9F288 /* ReviewSheetManager.swift */; };
		AA3A46621C47539200A9F288 /* ShowReviewViewController.swift in Sources */ = {isa = PBXBuildFile; fileRef = AA3A46611C47539200A9F288 /* ShowReviewViewController.swift */; };
		AA3F390C1C76BA7E00ED0B33 /* SideMenuTableViewCell.swift in Sources */ = {isa = PBXBuildFile; fileRef = AA3F390A1C76BA7E00ED0B33 /* SideMenuTableViewCell.swift */; };
		AA3F390D1C76BA7E00ED0B33 /* SideMenuTableViewCell.xib in Resources */ = {isa = PBXBuildFile; fileRef = AA3F390B1C76BA7E00ED0B33 /* SideMenuTableViewCell.xib */; };
		AA70EE7B1C7C6FEA003427BC /* trash_128px.png in Resources */ = {isa = PBXBuildFile; fileRef = AA70EE771C7C6FEA003427BC /* trash_128px.png */; };
		AA70EE7C1C7C6FEA003427BC /* add_128px.png in Resources */ = {isa = PBXBuildFile; fileRef = AA70EE781C7C6FEA003427BC /* add_128px.png */; };
		AA70EE7E1C7C6FEA003427BC /* single_left_128px.png in Resources */ = {isa = PBXBuildFile; fileRef = AA70EE7A1C7C6FEA003427BC /* single_left_128px.png */; };
		AA70EE851C7C7787003427BC /* menu_128px.png in Resources */ = {isa = PBXBuildFile; fileRef = AA70EE831C7C7787003427BC /* menu_128px.png */; };
		AA70EE881C7C7FBC003427BC /* check_128px.png in Resources */ = {isa = PBXBuildFile; fileRef = AA70EE871C7C7FBC003427BC /* check_128px.png */; };
		AA70EE8A1C7C8A0C003427BC /* new_sheet_128px.png in Resources */ = {isa = PBXBuildFile; fileRef = AA70EE891C7C8A0C003427BC /* new_sheet_128px.png */; };
		AA7D13991CA2C7650054ECDF /* UIViewController+Extension.swift in Sources */ = {isa = PBXBuildFile; fileRef = AA7D13981CA2C7650054ECDF /* UIViewController+Extension.swift */; };
		AA87A05A1C6C24D100560495 /* GeneralViewModel.swift in Sources */ = {isa = PBXBuildFile; fileRef = AA87A0591C6C24D100560495 /* GeneralViewModel.swift */; };
		AAB3E2A31C6B79CC00B429DB /* ChartViewModel.swift in Sources */ = {isa = PBXBuildFile; fileRef = AAB3E2A21C6B79CC00B429DB /* ChartViewModel.swift */; };
/* End PBXBuildFile section */

/* Begin PBXFileReference section */
		2E196CC5BC3F32E7D3204B0A /* Pods-KaiZen.debug.xcconfig */ = {isa = PBXFileReference; includeInIndex = 1; lastKnownFileType = text.xcconfig; name = "Pods-KaiZen.debug.xcconfig"; path = "Pods/Target Support Files/Pods-KaiZen/Pods-KaiZen.debug.xcconfig"; sourceTree = "<group>"; };
		A380AFCFE4360B64DE6555A6 /* Pods-KaiZen.release.xcconfig */ = {isa = PBXFileReference; includeInIndex = 1; lastKnownFileType = text.xcconfig; name = "Pods-KaiZen.release.xcconfig"; path = "Pods/Target Support Files/Pods-KaiZen/Pods-KaiZen.release.xcconfig"; sourceTree = "<group>"; };
		AA0117071C70423E00843BA1 /* NoGraphDataView.swift */ = {isa = PBXFileReference; fileEncoding = 4; lastKnownFileType = sourcecode.swift; path = NoGraphDataView.swift; sourceTree = "<group>"; };
		AA0117091C70424F00843BA1 /* NoGraphDataView.xib */ = {isa = PBXFileReference; fileEncoding = 4; lastKnownFileType = file.xib; path = NoGraphDataView.xib; sourceTree = "<group>"; };
		AA0140871C928757004687E3 /* check_128alt.png */ = {isa = PBXFileReference; lastKnownFileType = image.png; path = check_128alt.png; sourceTree = "<group>"; };
		AA0140881C928757004687E3 /* check_128alt2.png */ = {isa = PBXFileReference; lastKnownFileType = image.png; path = check_128alt2.png; sourceTree = "<group>"; };
		AA01408B1C942B38004687E3 /* question128_1.png */ = {isa = PBXFileReference; lastKnownFileType = image.png; path = question128_1.png; sourceTree = "<group>"; };
		AA01408C1C942B38004687E3 /* question128_2.png */ = {isa = PBXFileReference; lastKnownFileType = image.png; path = question128_2.png; sourceTree = "<group>"; };
		AA01408F1C942F58004687E3 /* MessageUI.framework */ = {isa = PBXFileReference; lastKnownFileType = wrapper.framework; name = MessageUI.framework; path = System/Library/Frameworks/MessageUI.framework; sourceTree = SDKROOT; };
		AA0140931C94748B004687E3 /* launch_screen.png */ = {isa = PBXFileReference; lastKnownFileType = image.png; path = launch_screen.png; sourceTree = "<group>"; };
		AA01409B1C95BB50004687E3 /* empty_image.png */ = {isa = PBXFileReference; lastKnownFileType = image.png; path = empty_image.png; sourceTree = "<group>"; };
		AA0F0DB71C68521500815833 /* MainBoardViewController.swift */ = {isa = PBXFileReference; fileEncoding = 4; lastKnownFileType = sourcecode.swift; path = MainBoardViewController.swift; sourceTree = "<group>"; };
		AA0F0DB91C68538600815833 /* ShowChartViewController.swift */ = {isa = PBXFileReference; fileEncoding = 4; lastKnownFileType = sourcecode.swift; path = ShowChartViewController.swift; sourceTree = "<group>"; };
		AA0F0DDC1C6908FC00815833 /* ReviewSheatView.swift */ = {isa = PBXFileReference; fileEncoding = 4; lastKnownFileType = sourcecode.swift; path = ReviewSheatView.swift; sourceTree = "<group>"; };
		AA0F0DDE1C69094700815833 /* ReviewSheatView.xib */ = {isa = PBXFileReference; fileEncoding = 4; lastKnownFileType = file.xib; path = ReviewSheatView.xib; sourceTree = "<group>"; };
		AA0F0DE01C690AEF00815833 /* ReviewSheatViewModel.swift */ = {isa = PBXFileReference; fileEncoding = 4; lastKnownFileType = sourcecode.swift; path = ReviewSheatViewModel.swift; sourceTree = "<group>"; };
		AA0F0DE21C690C5E00815833 /* ReviewSheatTableViewCell.swift */ = {isa = PBXFileReference; fileEncoding = 4; lastKnownFileType = sourcecode.swift; path = ReviewSheatTableViewCell.swift; sourceTree = "<group>"; };
		AA0F0DE31C690C5E00815833 /* ReviewSheatTableViewCell.xib */ = {isa = PBXFileReference; fileEncoding = 4; lastKnownFileType = file.xib; path = ReviewSheatTableViewCell.xib; sourceTree = "<group>"; };
		AA1AEB801C6A394300C70138 /* AddReviewView.xib */ = {isa = PBXFileReference; fileEncoding = 4; lastKnownFileType = file.xib; path = AddReviewView.xib; sourceTree = "<group>"; };
		AA1AEB821C6A395900C70138 /* AddReviewView.swift */ = {isa = PBXFileReference; fileEncoding = 4; lastKnownFileType = sourcecode.swift; path = AddReviewView.swift; sourceTree = "<group>"; };
		AA1AEB841C6AF9E400C70138 /* ChartView.swift */ = {isa = PBXFileReference; fileEncoding = 4; lastKnownFileType = sourcecode.swift; path = ChartView.swift; sourceTree = "<group>"; };
		AA1AEB861C6AF9EF00C70138 /* ChartView.xib */ = {isa = PBXFileReference; fileEncoding = 4; lastKnownFileType = file.xib; path = ChartView.xib; sourceTree = "<group>"; };
		AA28E14D1C744ACC0073453F /* SideMenuView.xib */ = {isa = PBXFileReference; fileEncoding = 4; lastKnownFileType = file.xib; path = SideMenuView.xib; sourceTree = "<group>"; };
		AA28E14F1C744AE90073453F /* SideMenuView.swift */ = {isa = PBXFileReference; fileEncoding = 4; lastKnownFileType = sourcecode.swift; path = SideMenuView.swift; sourceTree = "<group>"; };
		AA2BB1D01C7B4B3A0088D7D5 /* UIView+Extension.swift */ = {isa = PBXFileReference; fileEncoding = 4; lastKnownFileType = sourcecode.swift; path = "UIView+Extension.swift"; sourceTree = "<group>"; };
		AA3A462E1C4740D600A9F288 /* KaiZen.app */ = {isa = PBXFileReference; explicitFileType = wrapper.application; includeInIndex = 0; path = KaiZen.app; sourceTree = BUILT_PRODUCTS_DIR; };
		AA3A46311C4740D600A9F288 /* AppDelegate.swift */ = {isa = PBXFileReference; lastKnownFileType = sourcecode.swift; path = AppDelegate.swift; sourceTree = "<group>"; };
		AA3A46361C4740D600A9F288 /* Base */ = {isa = PBXFileReference; lastKnownFileType = file.storyboard; name = Base; path = Base.lproj/Main.storyboard; sourceTree = "<group>"; };
		AA3A46391C4740D600A9F288 /* KaiZen.xcdatamodel */ = {isa = PBXFileReference; lastKnownFileType = wrapper.xcdatamodel; path = KaiZen.xcdatamodel; sourceTree = "<group>"; };
		AA3A463B1C4740D600A9F288 /* Assets.xcassets */ = {isa = PBXFileReference; lastKnownFileType = folder.assetcatalog; path = Assets.xcassets; sourceTree = "<group>"; };
		AA3A463E1C4740D600A9F288 /* Base */ = {isa = PBXFileReference; lastKnownFileType = file.storyboard; name = Base; path = Base.lproj/LaunchScreen.storyboard; sourceTree = "<group>"; };
		AA3A46401C4740D600A9F288 /* Info.plist */ = {isa = PBXFileReference; lastKnownFileType = text.plist.xml; path = Info.plist; sourceTree = "<group>"; };
		AA3A46531C474C2D00A9F288 /* Review.swift */ = {isa = PBXFileReference; fileEncoding = 4; lastKnownFileType = sourcecode.swift; path = Review.swift; sourceTree = "<group>"; };
		AA3A46551C474D7400A9F288 /* ReviewSheet.swift */ = {isa = PBXFileReference; fileEncoding = 4; lastKnownFileType = sourcecode.swift; path = ReviewSheet.swift; sourceTree = "<group>"; };
		AA3A46571C474F4D00A9F288 /* ReviewSheetManager.swift */ = {isa = PBXFileReference; fileEncoding = 4; lastKnownFileType = sourcecode.swift; path = ReviewSheetManager.swift; sourceTree = "<group>"; };
		AA3A46611C47539200A9F288 /* ShowReviewViewController.swift */ = {isa = PBXFileReference; fileEncoding = 4; lastKnownFileType = sourcecode.swift; path = ShowReviewViewController.swift; sourceTree = "<group>"; };
		AA3F390A1C76BA7E00ED0B33 /* SideMenuTableViewCell.swift */ = {isa = PBXFileReference; fileEncoding = 4; lastKnownFileType = sourcecode.swift; path = SideMenuTableViewCell.swift; sourceTree = "<group>"; };
		AA3F390B1C76BA7E00ED0B33 /* SideMenuTableViewCell.xib */ = {isa = PBXFileReference; fileEncoding = 4; lastKnownFileType = file.xib; path = SideMenuTableViewCell.xib; sourceTree = "<group>"; };
		AA70EE771C7C6FEA003427BC /* trash_128px.png */ = {isa = PBXFileReference; lastKnownFileType = image.png; path = trash_128px.png; sourceTree = "<group>"; };
		AA70EE781C7C6FEA003427BC /* add_128px.png */ = {isa = PBXFileReference; lastKnownFileType = image.png; path = add_128px.png; sourceTree = "<group>"; };
		AA70EE7A1C7C6FEA003427BC /* single_left_128px.png */ = {isa = PBXFileReference; lastKnownFileType = image.png; path = single_left_128px.png; sourceTree = "<group>"; };
		AA70EE831C7C7787003427BC /* menu_128px.png */ = {isa = PBXFileReference; lastKnownFileType = image.png; path = menu_128px.png; sourceTree = "<group>"; };
		AA70EE871C7C7FBC003427BC /* check_128px.png */ = {isa = PBXFileReference; lastKnownFileType = image.png; path = check_128px.png; sourceTree = "<group>"; };
		AA70EE891C7C8A0C003427BC /* new_sheet_128px.png */ = {isa = PBXFileReference; lastKnownFileType = image.png; path = new_sheet_128px.png; sourceTree = "<group>"; };
		AA7D13981CA2C7650054ECDF /* UIViewController+Extension.swift */ = {isa = PBXFileReference; fileEncoding = 4; lastKnownFileType = sourcecode.swift; path = "UIViewController+Extension.swift"; sourceTree = "<group>"; };
		AA87A0591C6C24D100560495 /* GeneralViewModel.swift */ = {isa = PBXFileReference; fileEncoding = 4; lastKnownFileType = sourcecode.swift; path = GeneralViewModel.swift; sourceTree = "<group>"; };
		AAB3E2A21C6B79CC00B429DB /* ChartViewModel.swift */ = {isa = PBXFileReference; fileEncoding = 4; lastKnownFileType = sourcecode.swift; path = ChartViewModel.swift; sourceTree = "<group>"; };
		AAB3E2A51C6B813300B429DB /* Bridging-Header.h */ = {isa = PBXFileReference; lastKnownFileType = sourcecode.c.h; path = "Bridging-Header.h"; sourceTree = "<group>"; };
		E4CFBC8A31CCB8CAA89B7643 /* libPods-KaiZen.a */ = {isa = PBXFileReference; explicitFileType = archive.ar; includeInIndex = 0; path = "libPods-KaiZen.a"; sourceTree = BUILT_PRODUCTS_DIR; };
/* End PBXFileReference section */

/* Begin PBXFrameworksBuildPhase section */
		AA3A462B1C4740D600A9F288 /* Frameworks */ = {
			isa = PBXFrameworksBuildPhase;
			buildActionMask = 2147483647;
			files = (
				AA0140901C942F58004687E3 /* MessageUI.framework in Frameworks */,
				9C790B27C5807487F3AA7C6F /* libPods-KaiZen.a in Frameworks */,
			);
			runOnlyForDeploymentPostprocessing = 0;
		};
/* End PBXFrameworksBuildPhase section */

/* Begin PBXGroup section */
		297F437FAE0A244F8141283E /* Frameworks */ = {
			isa = PBXGroup;
			children = (
				AA01408F1C942F58004687E3 /* MessageUI.framework */,
				E4CFBC8A31CCB8CAA89B7643 /* libPods-KaiZen.a */,
			);
			name = Frameworks;
			sourceTree = "<group>";
		};
		6F207C87DAA0799085B53C19 /* Pods */ = {
			isa = PBXGroup;
			children = (
				2E196CC5BC3F32E7D3204B0A /* Pods-KaiZen.debug.xcconfig */,
				A380AFCFE4360B64DE6555A6 /* Pods-KaiZen.release.xcconfig */,
			);
			name = Pods;
			sourceTree = "<group>";
		};
		AA04D51A1C5621C3009BD0A8 /* ShowChart */ = {
			isa = PBXGroup;
			children = (
				AA04D51C1C5621ED009BD0A8 /* View */,
				AA04D51B1C5621E4009BD0A8 /* ViewModels */,
			);
			name = ShowChart;
			sourceTree = "<group>";
		};
		AA04D51B1C5621E4009BD0A8 /* ViewModels */ = {
			isa = PBXGroup;
			children = (
				AAB3E2A21C6B79CC00B429DB /* ChartViewModel.swift */,
			);
			name = ViewModels;
			sourceTree = "<group>";
		};
		AA04D51C1C5621ED009BD0A8 /* View */ = {
			isa = PBXGroup;
			children = (
				AA04D51E1C5621F9009BD0A8 /* Controllers */,
				AA04D51D1C5621F3009BD0A8 /* Views */,
			);
			name = View;
			sourceTree = "<group>";
		};
		AA04D51D1C5621F3009BD0A8 /* Views */ = {
			isa = PBXGroup;
			children = (
				AA1AEB841C6AF9E400C70138 /* ChartView.swift */,
				AA1AEB861C6AF9EF00C70138 /* ChartView.xib */,
				AA0117071C70423E00843BA1 /* NoGraphDataView.swift */,
				AA0117091C70424F00843BA1 /* NoGraphDataView.xib */,
			);
			name = Views;
			sourceTree = "<group>";
		};
		AA04D51E1C5621F9009BD0A8 /* Controllers */ = {
			isa = PBXGroup;
			children = (
				AA0F0DB91C68538600815833 /* ShowChartViewController.swift */,
			);
			name = Controllers;
			sourceTree = "<group>";
		};
		AA0F0DB61C6851D500815833 /* View Controllers */ = {
			isa = PBXGroup;
			children = (
				AA0F0DB71C68521500815833 /* MainBoardViewController.swift */,
			);
			name = "View Controllers";
			sourceTree = "<group>";
		};
		AA28E14C1C744AA80073453F /* SideMenu */ = {
			isa = PBXGroup;
			children = (
				AA3F390E1C76BAEA00ED0B33 /* View */,
			);
			name = SideMenu;
			sourceTree = "<group>";
		};
		AA2BB1CF1C7B4AD80088D7D5 /* Extension */ = {
			isa = PBXGroup;
			children = (
				AA2BB1D01C7B4B3A0088D7D5 /* UIView+Extension.swift */,
				AA7D13981CA2C7650054ECDF /* UIViewController+Extension.swift */,
			);
			name = Extension;
			sourceTree = "<group>";
		};
		AA3A46251C4740D600A9F288 = {
			isa = PBXGroup;
			children = (
				AA3A46301C4740D600A9F288 /* KaiZen */,
				AA3A462F1C4740D600A9F288 /* Products */,
				6F207C87DAA0799085B53C19 /* Pods */,
				297F437FAE0A244F8141283E /* Frameworks */,
			);
			sourceTree = "<group>";
		};
		AA3A462F1C4740D600A9F288 /* Products */ = {
			isa = PBXGroup;
			children = (
				AA3A462E1C4740D600A9F288 /* KaiZen.app */,
			);
			name = Products;
			sourceTree = "<group>";
		};
		AA3A46301C4740D600A9F288 /* KaiZen */ = {
			isa = PBXGroup;
			children = (
				AA3A46461C4741C200A9F288 /* Application */,
				AA3A46471C474A1000A9F288 /* Scenes */,
				AA3A464A1C474A5600A9F288 /* Models */,
				AA3A46481C474A1B00A9F288 /* View */,
				AA0F0DB61C6851D500815833 /* View Controllers */,
				AA87A0581C6C247900560495 /* View Model */,
				AA2BB1CF1C7B4AD80088D7D5 /* Extension */,
				AA70EE681C7C66A9003427BC /* Images */,
				AA3A463B1C4740D600A9F288 /* Assets.xcassets */,
				AA3A463D1C4740D600A9F288 /* LaunchScreen.storyboard */,
				AA3A46401C4740D600A9F288 /* Info.plist */,
				AA3A46381C4740D600A9F288 /* KaiZen.xcdatamodeld */,
				AAB3E2A51C6B813300B429DB /* Bridging-Header.h */,
			);
			path = KaiZen;
			sourceTree = "<group>";
		};
		AA3A46461C4741C200A9F288 /* Application */ = {
			isa = PBXGroup;
			children = (
				AA3A46311C4740D600A9F288 /* AppDelegate.swift */,
				AA3A46351C4740D600A9F288 /* Main.storyboard */,
			);
			name = Application;
			sourceTree = "<group>";
		};
		AA3A46471C474A1000A9F288 /* Scenes */ = {
			isa = PBXGroup;
			children = (
				AA28E14C1C744AA80073453F /* SideMenu */,
				AA3A464C1C474BAC00A9F288 /* ShowReview */,
				AA04D51A1C5621C3009BD0A8 /* ShowChart */,
			);
			name = Scenes;
			sourceTree = "<group>";
		};
		AA3A46481C474A1B00A9F288 /* View */ = {
			isa = PBXGroup;
			children = (
				AA3A46491C474A2300A9F288 /* Controllers */,
				AA3A464B1C474ADA00A9F288 /* Views */,
			);
			name = View;
			sourceTree = "<group>";
		};
		AA3A46491C474A2300A9F288 /* Controllers */ = {
			isa = PBXGroup;
			children = (
			);
			name = Controllers;
			sourceTree = "<group>";
		};
		AA3A464A1C474A5600A9F288 /* Models */ = {
			isa = PBXGroup;
			children = (
				AA3A46531C474C2D00A9F288 /* Review.swift */,
				AA3A46551C474D7400A9F288 /* ReviewSheet.swift */,
				AA3A46571C474F4D00A9F288 /* ReviewSheetManager.swift */,
			);
			name = Models;
			sourceTree = "<group>";
		};
		AA3A464B1C474ADA00A9F288 /* Views */ = {
			isa = PBXGroup;
			children = (
			);
			name = Views;
			sourceTree = "<group>";
		};
		AA3A464C1C474BAC00A9F288 /* ShowReview */ = {
			isa = PBXGroup;
			children = (
				AA3A464E1C474BBE00A9F288 /* View */,
				AA3A464D1C474BB700A9F288 /* VIewModels */,
			);
			name = ShowReview;
			sourceTree = "<group>";
		};
		AA3A464D1C474BB700A9F288 /* VIewModels */ = {
			isa = PBXGroup;
			children = (
				AA0F0DE01C690AEF00815833 /* ReviewSheatViewModel.swift */,
			);
			name = VIewModels;
			sourceTree = "<group>";
		};
		AA3A464E1C474BBE00A9F288 /* View */ = {
			isa = PBXGroup;
			children = (
				AA3A46511C474BEB00A9F288 /* Controllers */,
				AA3A46501C474BE600A9F288 /* Views */,
			);
			name = View;
			sourceTree = "<group>";
		};
		AA3A46501C474BE600A9F288 /* Views */ = {
			isa = PBXGroup;
			children = (
				AA0F0DDC1C6908FC00815833 /* ReviewSheatView.swift */,
				AA0F0DDE1C69094700815833 /* ReviewSheatView.xib */,
				AA0F0DE21C690C5E00815833 /* ReviewSheatTableViewCell.swift */,
				AA0F0DE31C690C5E00815833 /* ReviewSheatTableViewCell.xib */,
				AA1AEB821C6A395900C70138 /* AddReviewView.swift */,
				AA1AEB801C6A394300C70138 /* AddReviewView.xib */,
			);
			name = Views;
			sourceTree = "<group>";
		};
		AA3A46511C474BEB00A9F288 /* Controllers */ = {
			isa = PBXGroup;
			children = (
				AA3A46611C47539200A9F288 /* ShowReviewViewController.swift */,
			);
			name = Controllers;
			sourceTree = "<group>";
		};
		AA3F390E1C76BAEA00ED0B33 /* View */ = {
			isa = PBXGroup;
			children = (
				AA28E14F1C744AE90073453F /* SideMenuView.swift */,
				AA28E14D1C744ACC0073453F /* SideMenuView.xib */,
				AA3F390A1C76BA7E00ED0B33 /* SideMenuTableViewCell.swift */,
				AA3F390B1C76BA7E00ED0B33 /* SideMenuTableViewCell.xib */,
			);
			name = View;
			sourceTree = "<group>";
		};
		AA70EE681C7C66A9003427BC /* Images */ = {
			isa = PBXGroup;
			children = (
				AA01408B1C942B38004687E3 /* question128_1.png */,
				AA01408C1C942B38004687E3 /* question128_2.png */,
				AA01409B1C95BB50004687E3 /* empty_image.png */,
				AA0140931C94748B004687E3 /* launch_screen.png */,
				AA0140871C928757004687E3 /* check_128alt.png */,
				AA0140881C928757004687E3 /* check_128alt2.png */,
				AA70EE891C7C8A0C003427BC /* new_sheet_128px.png */,
				AA70EE871C7C7FBC003427BC /* check_128px.png */,
				AA70EE831C7C7787003427BC /* menu_128px.png */,
				AA70EE771C7C6FEA003427BC /* trash_128px.png */,
				AA70EE781C7C6FEA003427BC /* add_128px.png */,
				AA70EE7A1C7C6FEA003427BC /* single_left_128px.png */,
			);
			name = Images;
			sourceTree = "<group>";
		};
		AA87A0581C6C247900560495 /* View Model */ = {
			isa = PBXGroup;
			children = (
				AA87A0591C6C24D100560495 /* GeneralViewModel.swift */,
			);
			name = "View Model";
			sourceTree = "<group>";
		};
/* End PBXGroup section */

/* Begin PBXNativeTarget section */
		AA3A462D1C4740D600A9F288 /* KaiZen */ = {
			isa = PBXNativeTarget;
			buildConfigurationList = AA3A46431C4740D600A9F288 /* Build configuration list for PBXNativeTarget "KaiZen" */;
			buildPhases = (
				F7AF5827B1BA2E11A0AAE302 /* Check Pods Manifest.lock */,
				AA3A462A1C4740D600A9F288 /* Sources */,
				AA3A462B1C4740D600A9F288 /* Frameworks */,
				AA3A462C1C4740D600A9F288 /* Resources */,
				3B85BA0B624E7BEB07BF0F02 /* Embed Pods Frameworks */,
				A62C54B81D972542DA7D25DA /* Copy Pods Resources */,
			);
			buildRules = (
			);
			dependencies = (
			);
			name = KaiZen;
			productName = KaiZen;
			productReference = AA3A462E1C4740D600A9F288 /* KaiZen.app */;
			productType = "com.apple.product-type.application";
		};
/* End PBXNativeTarget section */

/* Begin PBXProject section */
		AA3A46261C4740D600A9F288 /* Project object */ = {
			isa = PBXProject;
			attributes = {
				LastSwiftUpdateCheck = 0720;
				LastUpgradeCheck = 0720;
				ORGANIZATIONNAME = kentaro;
				TargetAttributes = {
					AA3A462D1C4740D600A9F288 = {
						CreatedOnToolsVersion = 7.2;
						DevelopmentTeam = 4D942G6MF5;
					};
				};
			};
			buildConfigurationList = AA3A46291C4740D600A9F288 /* Build configuration list for PBXProject "KaiZen" */;
			compatibilityVersion = "Xcode 3.2";
			developmentRegion = English;
			hasScannedForEncodings = 0;
			knownRegions = (
				en,
				Base,
			);
			mainGroup = AA3A46251C4740D600A9F288;
			productRefGroup = AA3A462F1C4740D600A9F288 /* Products */;
			projectDirPath = "";
			projectRoot = "";
			targets = (
				AA3A462D1C4740D600A9F288 /* KaiZen */,
			);
		};
/* End PBXProject section */

/* Begin PBXResourcesBuildPhase section */
		AA3A462C1C4740D600A9F288 /* Resources */ = {
			isa = PBXResourcesBuildPhase;
			buildActionMask = 2147483647;
			files = (
				AA28E14E1C744ACC0073453F /* SideMenuView.xib in Resources */,
				AA3A463F1C4740D600A9F288 /* LaunchScreen.storyboard in Resources */,
				AA70EE7C1C7C6FEA003427BC /* add_128px.png in Resources */,
				AA3F390D1C76BA7E00ED0B33 /* SideMenuTableViewCell.xib in Resources */,
				AA01170A1C70424F00843BA1 /* NoGraphDataView.xib in Resources */,
				AA0F0DE51C690C5E00815833 /* ReviewSheatTableViewCell.xib in Resources */,
				AA70EE8A1C7C8A0C003427BC /* new_sheet_128px.png in Resources */,
				AA70EE7B1C7C6FEA003427BC /* trash_128px.png in Resources */,
				AA01408A1C928757004687E3 /* check_128alt2.png in Resources */,
				AA0F0DDF1C69094700815833 /* ReviewSheatView.xib in Resources */,
				AA01409C1C95BB50004687E3 /* empty_image.png in Resources */,
				AA1AEB871C6AF9EF00C70138 /* ChartView.xib in Resources */,
				AA1AEB811C6A394300C70138 /* AddReviewView.xib in Resources */,
				AA0140891C928757004687E3 /* check_128alt.png in Resources */,
				AA01408E1C942B38004687E3 /* question128_2.png in Resources */,
				AA70EE7E1C7C6FEA003427BC /* single_left_128px.png in Resources */,
				AA01408D1C942B38004687E3 /* question128_1.png in Resources */,
				AA0140941C94748B004687E3 /* launch_screen.png in Resources */,
				AA70EE851C7C7787003427BC /* menu_128px.png in Resources */,
				AA3A463C1C4740D600A9F288 /* Assets.xcassets in Resources */,
				AA70EE881C7C7FBC003427BC /* check_128px.png in Resources */,
				AA3A46371C4740D600A9F288 /* Main.storyboard in Resources */,
			);
			runOnlyForDeploymentPostprocessing = 0;
		};
/* End PBXResourcesBuildPhase section */

/* Begin PBXShellScriptBuildPhase section */
		3B85BA0B624E7BEB07BF0F02 /* Embed Pods Frameworks */ = {
			isa = PBXShellScriptBuildPhase;
			buildActionMask = 2147483647;
			files = (
			);
			inputPaths = (
			);
			name = "Embed Pods Frameworks";
			outputPaths = (
			);
			runOnlyForDeploymentPostprocessing = 0;
			shellPath = /bin/sh;
			shellScript = "\"${SRCROOT}/Pods/Target Support Files/Pods-KaiZen/Pods-KaiZen-frameworks.sh\"\n";
			showEnvVarsInLog = 0;
		};
		A62C54B81D972542DA7D25DA /* Copy Pods Resources */ = {
			isa = PBXShellScriptBuildPhase;
			buildActionMask = 2147483647;
			files = (
			);
			inputPaths = (
			);
			name = "Copy Pods Resources";
			outputPaths = (
			);
			runOnlyForDeploymentPostprocessing = 0;
			shellPath = /bin/sh;
			shellScript = "\"${SRCROOT}/Pods/Target Support Files/Pods-KaiZen/Pods-KaiZen-resources.sh\"\n";
			showEnvVarsInLog = 0;
		};
		F7AF5827B1BA2E11A0AAE302 /* Check Pods Manifest.lock */ = {
			isa = PBXShellScriptBuildPhase;
			buildActionMask = 2147483647;
			files = (
			);
			inputPaths = (
			);
			name = "Check Pods Manifest.lock";
			outputPaths = (
			);
			runOnlyForDeploymentPostprocessing = 0;
			shellPath = /bin/sh;
			shellScript = "diff \"${PODS_ROOT}/../Podfile.lock\" \"${PODS_ROOT}/Manifest.lock\" > /dev/null\nif [[ $? != 0 ]] ; then\n    cat << EOM\nerror: The sandbox is not in sync with the Podfile.lock. Run 'pod install' or update your CocoaPods installation.\nEOM\n    exit 1\nfi\n";
			showEnvVarsInLog = 0;
		};
/* End PBXShellScriptBuildPhase section */

/* Begin PBXSourcesBuildPhase section */
		AA3A462A1C4740D600A9F288 /* Sources */ = {
			isa = PBXSourcesBuildPhase;
			buildActionMask = 2147483647;
			files = (
				AA0F0DB81C68521500815833 /* MainBoardViewController.swift in Sources */,
				AA28E1501C744AE90073453F /* SideMenuView.swift in Sources */,
				AA1AEB851C6AF9E400C70138 /* ChartView.swift in Sources */,
				AA87A05A1C6C24D100560495 /* GeneralViewModel.swift in Sources */,
				AA3A46321C4740D600A9F288 /* AppDelegate.swift in Sources */,
				AA0117081C70423E00843BA1 /* NoGraphDataView.swift in Sources */,
				AA0F0DE11C690AEF00815833 /* ReviewSheatViewModel.swift in Sources */,
				AA0F0DBA1C68538600815833 /* ShowChartViewController.swift in Sources */,
				AA7D13991CA2C7650054ECDF /* UIViewController+Extension.swift in Sources */,
				AA3A46581C474F4D00A9F288 /* ReviewSheetManager.swift in Sources */,
				AA0F0DE41C690C5E00815833 /* ReviewSheatTableViewCell.swift in Sources */,
				AA3A46561C474D7400A9F288 /* ReviewSheet.swift in Sources */,
				AA3A463A1C4740D600A9F288 /* KaiZen.xcdatamodeld in Sources */,
				AA1AEB831C6A395900C70138 /* AddReviewView.swift in Sources */,
				AA0F0DDD1C6908FC00815833 /* ReviewSheatView.swift in Sources */,
				AA3A46541C474C2D00A9F288 /* Review.swift in Sources */,
				AA3F390C1C76BA7E00ED0B33 /* SideMenuTableViewCell.swift in Sources */,
				AA3A46621C47539200A9F288 /* ShowReviewViewController.swift in Sources */,
				AA2BB1D11C7B4B3A0088D7D5 /* UIView+Extension.swift in Sources */,
				AAB3E2A31C6B79CC00B429DB /* ChartViewModel.swift in Sources */,
			);
			runOnlyForDeploymentPostprocessing = 0;
		};
/* End PBXSourcesBuildPhase section */

/* Begin PBXVariantGroup section */
		AA3A46351C4740D600A9F288 /* Main.storyboard */ = {
			isa = PBXVariantGroup;
			children = (
				AA3A46361C4740D600A9F288 /* Base */,
			);
			name = Main.storyboard;
			sourceTree = "<group>";
		};
		AA3A463D1C4740D600A9F288 /* LaunchScreen.storyboard */ = {
			isa = PBXVariantGroup;
			children = (
				AA3A463E1C4740D600A9F288 /* Base */,
			);
			name = LaunchScreen.storyboard;
			sourceTree = "<group>";
		};
/* End PBXVariantGroup section */

/* Begin XCBuildConfiguration section */
		AA3A46411C4740D600A9F288 /* Debug */ = {
			isa = XCBuildConfiguration;
			buildSettings = {
				ALWAYS_SEARCH_USER_PATHS = NO;
				CLANG_CXX_LANGUAGE_STANDARD = "gnu++0x";
				CLANG_CXX_LIBRARY = "libc++";
				CLANG_ENABLE_MODULES = YES;
				CLANG_ENABLE_OBJC_ARC = YES;
				CLANG_WARN_BOOL_CONVERSION = YES;
				CLANG_WARN_CONSTANT_CONVERSION = YES;
				CLANG_WARN_DIRECT_OBJC_ISA_USAGE = YES_ERROR;
				CLANG_WARN_EMPTY_BODY = YES;
				CLANG_WARN_ENUM_CONVERSION = YES;
				CLANG_WARN_INT_CONVERSION = YES;
				CLANG_WARN_OBJC_ROOT_CLASS = YES_ERROR;
				CLANG_WARN_UNREACHABLE_CODE = YES;
				CLANG_WARN__DUPLICATE_METHOD_MATCH = YES;
				"CODE_SIGN_IDENTITY[sdk=iphoneos*]" = "iPhone Developer";
				COPY_PHASE_STRIP = NO;
				DEBUG_INFORMATION_FORMAT = dwarf;
				ENABLE_STRICT_OBJC_MSGSEND = YES;
				ENABLE_TESTABILITY = YES;
				GCC_C_LANGUAGE_STANDARD = gnu99;
				GCC_DYNAMIC_NO_PIC = NO;
				GCC_NO_COMMON_BLOCKS = YES;
				GCC_OPTIMIZATION_LEVEL = 0;
				GCC_PREPROCESSOR_DEFINITIONS = (
					"DEBUG=1",
					"$(inherited)",
				);
				GCC_WARN_64_TO_32_BIT_CONVERSION = YES;
				GCC_WARN_ABOUT_RETURN_TYPE = YES_ERROR;
				GCC_WARN_UNDECLARED_SELECTOR = YES;
				GCC_WARN_UNINITIALIZED_AUTOS = YES_AGGRESSIVE;
				GCC_WARN_UNUSED_FUNCTION = YES;
				GCC_WARN_UNUSED_VARIABLE = YES;
				IPHONEOS_DEPLOYMENT_TARGET = 9.2;
				MTL_ENABLE_DEBUG_INFO = YES;
				ONLY_ACTIVE_ARCH = YES;
				SDKROOT = iphoneos;
				SWIFT_OPTIMIZATION_LEVEL = "-Onone";
			};
			name = Debug;
		};
		AA3A46421C4740D600A9F288 /* Release */ = {
			isa = XCBuildConfiguration;
			buildSettings = {
				ALWAYS_SEARCH_USER_PATHS = NO;
				CLANG_CXX_LANGUAGE_STANDARD = "gnu++0x";
				CLANG_CXX_LIBRARY = "libc++";
				CLANG_ENABLE_MODULES = YES;
				CLANG_ENABLE_OBJC_ARC = YES;
				CLANG_WARN_BOOL_CONVERSION = YES;
				CLANG_WARN_CONSTANT_CONVERSION = YES;
				CLANG_WARN_DIRECT_OBJC_ISA_USAGE = YES_ERROR;
				CLANG_WARN_EMPTY_BODY = YES;
				CLANG_WARN_ENUM_CONVERSION = YES;
				CLANG_WARN_INT_CONVERSION = YES;
				CLANG_WARN_OBJC_ROOT_CLASS = YES_ERROR;
				CLANG_WARN_UNREACHABLE_CODE = YES;
				CLANG_WARN__DUPLICATE_METHOD_MATCH = YES;
				"CODE_SIGN_IDENTITY[sdk=iphoneos*]" = "iPhone Developer";
				COPY_PHASE_STRIP = NO;
				DEBUG_INFORMATION_FORMAT = "dwarf-with-dsym";
				ENABLE_NS_ASSERTIONS = NO;
				ENABLE_STRICT_OBJC_MSGSEND = YES;
				GCC_C_LANGUAGE_STANDARD = gnu99;
				GCC_NO_COMMON_BLOCKS = YES;
				GCC_WARN_64_TO_32_BIT_CONVERSION = YES;
				GCC_WARN_ABOUT_RETURN_TYPE = YES_ERROR;
				GCC_WARN_UNDECLARED_SELECTOR = YES;
				GCC_WARN_UNINITIALIZED_AUTOS = YES_AGGRESSIVE;
				GCC_WARN_UNUSED_FUNCTION = YES;
				GCC_WARN_UNUSED_VARIABLE = YES;
				IPHONEOS_DEPLOYMENT_TARGET = 9.2;
				MTL_ENABLE_DEBUG_INFO = NO;
				SDKROOT = iphoneos;
				VALIDATE_PRODUCT = YES;
			};
			name = Release;
		};
		AA3A46441C4740D600A9F288 /* Debug */ = {
			isa = XCBuildConfiguration;
			baseConfigurationReference = 2E196CC5BC3F32E7D3204B0A /* Pods-KaiZen.debug.xcconfig */;
			buildSettings = {
				ASSETCATALOG_COMPILER_APPICON_NAME = AppIcon;
				CODE_SIGN_IDENTITY = "iPhone Developer";
				"CODE_SIGN_IDENTITY[sdk=iphoneos*]" = "iPhone Developer";
				INFOPLIST_FILE = KaiZen/Info.plist;
				LD_RUNPATH_SEARCH_PATHS = "$(inherited) @executable_path/Frameworks";
				PRODUCT_BUNDLE_IDENTIFIER = com.oratnek.KaiZen;
				PRODUCT_NAME = "$(TARGET_NAME)";
				PROVISIONING_PROFILE = "";
				SWIFT_OBJC_BRIDGING_HEADER = "$(SRCROOT)/$(PROJECT)/Bridging-Header.h";
			};
			name = Debug;
		};
		AA3A46451C4740D600A9F288 /* Release */ = {
			isa = XCBuildConfiguration;
			baseConfigurationReference = A380AFCFE4360B64DE6555A6 /* Pods-KaiZen.release.xcconfig */;
			buildSettings = {
				ASSETCATALOG_COMPILER_APPICON_NAME = AppIcon;
				CODE_SIGN_IDENTITY = "iPhone Developer";
				"CODE_SIGN_IDENTITY[sdk=iphoneos*]" = "iPhone Developer";
				INFOPLIST_FILE = KaiZen/Info.plist;
				LD_RUNPATH_SEARCH_PATHS = "$(inherited) @executable_path/Frameworks";
				PRODUCT_BUNDLE_IDENTIFIER = com.oratnek.KaiZen;
				PRODUCT_NAME = "$(TARGET_NAME)";
				PROVISIONING_PROFILE = "";
				SWIFT_OBJC_BRIDGING_HEADER = "$(SRCROOT)/$(PROJECT)/Bridging-Header.h";
			};
			name = Release;
		};
/* End XCBuildConfiguration section */

/* Begin XCConfigurationList section */
		AA3A46291C4740D600A9F288 /* Build configuration list for PBXProject "KaiZen" */ = {
			isa = XCConfigurationList;
			buildConfigurations = (
				AA3A46411C4740D600A9F288 /* Debug */,
				AA3A46421C4740D600A9F288 /* Release */,
			);
			defaultConfigurationIsVisible = 0;
			defaultConfigurationName = Release;
		};
		AA3A46431C4740D600A9F288 /* Build configuration list for PBXNativeTarget "KaiZen" */ = {
			isa = XCConfigurationList;
			buildConfigurations = (
				AA3A46441C4740D600A9F288 /* Debug */,
				AA3A46451C4740D600A9F288 /* Release */,
			);
			defaultConfigurationIsVisible = 0;
			defaultConfigurationName = Release;
		};
/* End XCConfigurationList section */

/* Begin XCVersionGroup section */
		AA3A46381C4740D600A9F288 /* KaiZen.xcdatamodeld */ = {
			isa = XCVersionGroup;
			children = (
				AA3A46391C4740D600A9F288 /* KaiZen.xcdatamodel */,
			);
			currentVersion = AA3A46391C4740D600A9F288 /* KaiZen.xcdatamodel */;
			path = KaiZen.xcdatamodeld;
			sourceTree = "<group>";
			versionGroupType = wrapper.xcdatamodel;
		};
/* End XCVersionGroup section */
	};
	rootObject = AA3A46261C4740D600A9F288 /* Project object */;
}
